
Microsoft Visual Studio Solution File, Format Version 12.00
# Visual Studio 2013
Project("{FAE04EC0-301F-11D3-BF4B-00C04F79EFBC}") = "UITextSys.CSharp.Plugins", "UITextSys.CSharp.Plugins.csproj", "{4CBDBA21-55DA-679B-FA48-F393D5DCB604}"
EndProject
Project("{FAE04EC0-301F-11D3-BF4B-00C04F79EFBC}") = "UITextSys.CSharp", "UITextSys.CSharp.csproj", "{02B7CE5D-B4B7-3D54-D849-DE5A8F53E412}"
EndProject
Project("{FAE04EC0-301F-11D3-BF4B-00C04F79EFBC}") = "UITextSys.CSharp.Editor", "UITextSys.CSharp.Editor.csproj", "{63D878FD-DD88-E5F8-3E66-923686CEDF4E}"
EndProject
Global
	GlobalSection(SolutionConfigurationPlatforms) = preSolution
		Debug|Any CPU = Debug|Any CPU
		Release|Any CPU = Release|Any CPU
	EndGlobalSection
	GlobalSection(ProjectConfigurationPlatforms) = postSolution
		{4CBDBA21-55DA-679B-FA48-F393D5DCB604}.Debug|Any CPU.ActiveCfg = Debug|Any CPU
		{4CBDBA21-55DA-679B-FA48-F393D5DCB604}.Debug|Any CPU.Build.0 = Debug|Any CPU
		{4CBDBA21-55DA-679B-FA48-F393D5DCB604}.Release|Any CPU.ActiveCfg = Release|Any CPU
		{4CBDBA21-55DA-679B-FA48-F393D5DCB604}.Release|Any CPU.Build.0 = Release|Any CPU
		{02B7CE5D-B4B7-3D54-D849-DE5A8F53E412}.Debug|Any CPU.ActiveCfg = Debug|Any CPU
		{02B7CE5D-B4B7-3D54-D849-DE5A8F53E412}.Debug|Any CPU.Build.0 = Debug|Any CPU
		{02B7CE5D-B4B7-3D54-D849-DE5A8F53E412}.Release|Any CPU.ActiveCfg = Release|Any CPU
		{02B7CE5D-B4B7-3D54-D849-DE5A8F53E412}.Release|Any CPU.Build.0 = Release|Any CPU
		{63D878FD-DD88-E5F8-3E66-923686CEDF4E}.Debug|Any CPU.ActiveCfg = Debug|Any CPU
		{63D878FD-DD88-E5F8-3E66-923686CEDF4E}.Debug|Any CPU.Build.0 = Debug|Any CPU
		{63D878FD-DD88-E5F8-3E66-923686CEDF4E}.Release|Any CPU.ActiveCfg = Release|Any CPU
		{63D878FD-DD88-E5F8-3E66-923686CEDF4E}.Release|Any CPU.Build.0 = Release|Any CPU
	EndGlobalSection
	GlobalSection(SolutionProperties) = preSolution
		HideSolutionNode = FALSE
	EndGlobalSection
EndGlobal
